{
  "originHash" : "8faedf2f6abb429b52ccaf98dcf76ec8a34ba2dc4c40d99a90270b0ea734dd87",
  "pins" : [
    {
      "identity" : "down",
      "kind" : "remoteSourceControl",
      "location" : "https://github.com/johnxnguyen/Down.git",
      "state" : {
        "revision" : "f34b166be1f1db4aa8f573067e901d72f2a6be57",
        "version" : "0.11.0"
      }
    },
    {
      "identity" : "swiftdown",
      "kind" : "remoteSourceControl",
      "location" : "https://github.com/qeude/SwiftDown.git",
      "state" : {
        "revision" : "3a988bfa50ffbc55ee312749c326f8791d7f87ad",
        "version" : "0.4.1"
      }
    },
    {
      "identity" : "swiftui-keyboard-observer",
      "kind" : "remoteSourceControl",
      "location" : "https://github.com/cgaaf/SwiftUI-Keyboard-Observer.git",
      "state" : {
        "revision" : "bd45c696069a1ac770fcc2bc63c29cfafaa90233",
        "version" : "0.1.0"
      }
    }
  ],
  "version" : 3
}
